PODS:
  - DSLibAlerts (1.0.1):
    - DSLibCore
  - DSLibCore (1.2.0):
    - DSLibCore/Core (= 1.2.0)
    - DSLibCore/no-arc (= 1.2.0)
  - DSLibCore/Core (1.2.0):
    - DSLibCore/no-arc
  - DSLibCore/no-arc (1.2.0)
  - Expecta (1.0.0)
  - Specta (1.0.2)

DEPENDENCIES:
  - DSLibAlerts (from `../`)
  - DSLibCore (from `../../DSLibCore`)
  - Expecta
  - Specta

EXTERNAL SOURCES:
  DSLibAlerts:
    :path: ../
  DSLibCore:
    :path: ../../DSLibCore

SPEC CHECKSUMS:
  DSLibAlerts: 374fd9bf15a911ca9aaeb6bec72258c20735785d
  DSLibCore: 7336c7844a35db51ce38dbfc884d97888cf84b0f
  Expecta: 32604574add2c46a36f8d2f716b6c5736eb75024
  Specta: 9cec98310dca411f7c7ffd6943552b501622abfe

COCOAPODS: 0.37.2
